
Microsoft Visual Studio Solution File, Format Version 12.00
# Visual Studio Version 16
VisualStudioVersion = 16.0.29009.5
MinimumVisualStudioVersion = 10.0.40219.1
Project("{FAE04EC0-301F-11D3-BF4B-00C04F79EFBC}") = "NiOP Kolekcije", "NiOP Kolekcije\NiOP Kolekcije.csproj", "{089E747B-CB9B-4D68-83B9-A73BFA671DF8}"
EndProject
Global
	GlobalSection(SolutionConfigurationPlatforms) = preSolution
		Debug|Any CPU = Debug|Any CPU
		Release|Any CPU = Release|Any CPU
	EndGlobalSection
	GlobalSection(ProjectConfigurationPlatforms) = postSolution
		{089E747B-CB9B-4D68-83B9-A73BFA671DF8}.Debug|Any CPU.ActiveCfg = Debug|Any CPU
		{089E747B-CB9B-4D68-83B9-A73BFA671DF8}.Debug|Any CPU.Build.0 = Debug|Any CPU
		{089E747B-CB9B-4D68-83B9-A73BFA671DF8}.Release|Any CPU.ActiveCfg = Release|Any CPU
		{089E747B-CB9B-4D68-83B9-A73BFA671DF8}.Release|Any CPU.Build.0 = Release|Any CPU
	EndGlobalSection
	GlobalSection(SolutionProperties) = preSolution
		HideSolutionNode = FALSE
	EndGlobalSection
	GlobalSection(ExtensibilityGlobals) = postSolution
		SolutionGuid = {F7E4E4F9-9C42-4193-B9B2-412CA9F4C4D3}
	EndGlobalSection
EndGlobal
